
Microsoft Visual Studio Solution File, Format Version 12.00
# Visual Studio Version 16
VisualStudioVersion = 16.0.32602.291
MinimumVisualStudioVersion = 10.0.40219.1
Project("{FAE04EC0-301F-11D3-BF4B-00C04F79EFBC}") = "TideNunit", "TideNunit\TideNunit.csproj", "{3EAF84B5-DD63-4AAB-A2E0-B5C26047C0EC}"
EndProject
Global
	GlobalSection(SolutionConfigurationPlatforms) = preSolution
		Debug|Any CPU = Debug|Any CPU
		Release|Any CPU = Release|Any CPU
	EndGlobalSection
	GlobalSection(ProjectConfigurationPlatforms) = postSolution
		{3EAF84B5-DD63-4AAB-A2E0-B5C26047C0EC}.Debug|Any CPU.ActiveCfg = Debug|Any CPU
		{3EAF84B5-DD63-4AAB-A2E0-B5C26047C0EC}.Debug|Any CPU.Build.0 = Debug|Any CPU
		{3EAF84B5-DD63-4AAB-A2E0-B5C26047C0EC}.Release|Any CPU.ActiveCfg = Release|Any CPU
		{3EAF84B5-DD63-4AAB-A2E0-B5C26047C0EC}.Release|Any CPU.Build.0 = Release|Any CPU
	EndGlobalSection
	GlobalSection(SolutionProperties) = preSolution
		HideSolutionNode = FALSE
	EndGlobalSection
	GlobalSection(ExtensibilityGlobals) = postSolution
		SolutionGuid = {6427AC43-B666-4FE3-85D4-C5FC2EB15975}
	EndGlobalSection
EndGlobal
